
Microsoft Visual Studio Solution File, Format Version 12.00
# Visual Studio 2012
Project("{FAE04EC0-301F-11D3-BF4B-00C04F79EFBC}") = "SharpMap.Rendering.Decoration.Legend", "SharpMap.Rendering.Decoration.Legend.csproj", "{B097D44F-930D-4892-9C78-64C376968B69}"
EndProject
Project("{FAE04EC0-301F-11D3-BF4B-00C04F79EFBC}") = "SharpMap.Rendering.Decoration.Legend.Tests", "Test\SharpMap.Rendering.Decoration.Legend.Tests.csproj", "{1D7A16B7-040D-4BFD-A52A-B6FA322909A9}"
EndProject
Global
	GlobalSection(SolutionConfigurationPlatforms) = preSolution
		Debug|Any CPU = Debug|Any CPU
		Release|Any CPU = Release|Any CPU
	EndGlobalSection
	GlobalSection(ProjectConfigurationPlatforms) = postSolution
		{B097D44F-930D-4892-9C78-64C376968B69}.Debug|Any CPU.ActiveCfg = Debug|Any CPU
		{B097D44F-930D-4892-9C78-64C376968B69}.Debug|Any CPU.Build.0 = Debug|Any CPU
		{B097D44F-930D-4892-9C78-64C376968B69}.Release|Any CPU.ActiveCfg = Release|Any CPU
		{B097D44F-930D-4892-9C78-64C376968B69}.Release|Any CPU.Build.0 = Release|Any CPU
		{1D7A16B7-040D-4BFD-A52A-B6FA322909A9}.Debug|Any CPU.ActiveCfg = Debug|Any CPU
		{1D7A16B7-040D-4BFD-A52A-B6FA322909A9}.Debug|Any CPU.Build.0 = Debug|Any CPU
		{1D7A16B7-040D-4BFD-A52A-B6FA322909A9}.Release|Any CPU.ActiveCfg = Release|Any CPU
		{1D7A16B7-040D-4BFD-A52A-B6FA322909A9}.Release|Any CPU.Build.0 = Release|Any CPU
	EndGlobalSection
	GlobalSection(SolutionProperties) = preSolution
		HideSolutionNode = FALSE
	EndGlobalSection
EndGlobal
